
Microsoft Visual Studio Solution File, Format Version 12.00
# Visual Studio 14
VisualStudioVersion = 14.0.22823.1
MinimumVisualStudioVersion = 10.0.40219.1
Project("{FAE04EC0-301F-11D3-BF4B-00C04F79EFBC}") = "EnergenieLibv2", "EnergenieLibv2\EnergenieLibv2.csproj", "{81F12CDB-6DBF-43FC-8CB8-9B1371A54AAF}"
EndProject
Project("{FAE04EC0-301F-11D3-BF4B-00C04F79EFBC}") = "ConsoleTest", "ConsoleTest\ConsoleTest.csproj", "{C2DB136E-0EBE-423A-8B6F-08A8B900E698}"
EndProject
Global
	GlobalSection(SolutionConfigurationPlatforms) = preSolution
		Debug|Any CPU = Debug|Any CPU
		Release|Any CPU = Release|Any CPU
	EndGlobalSection
	GlobalSection(ProjectConfigurationPlatforms) = postSolution
		{81F12CDB-6DBF-43FC-8CB8-9B1371A54AAF}.Debug|Any CPU.ActiveCfg = Debug|Any CPU
		{81F12CDB-6DBF-43FC-8CB8-9B1371A54AAF}.Debug|Any CPU.Build.0 = Debug|Any CPU
		{81F12CDB-6DBF-43FC-8CB8-9B1371A54AAF}.Release|Any CPU.ActiveCfg = Release|Any CPU
		{81F12CDB-6DBF-43FC-8CB8-9B1371A54AAF}.Release|Any CPU.Build.0 = Release|Any CPU
		{C2DB136E-0EBE-423A-8B6F-08A8B900E698}.Debug|Any CPU.ActiveCfg = Debug|Any CPU
		{C2DB136E-0EBE-423A-8B6F-08A8B900E698}.Debug|Any CPU.Build.0 = Debug|Any CPU
		{C2DB136E-0EBE-423A-8B6F-08A8B900E698}.Release|Any CPU.ActiveCfg = Release|Any CPU
		{C2DB136E-0EBE-423A-8B6F-08A8B900E698}.Release|Any CPU.Build.0 = Release|Any CPU
	EndGlobalSection
	GlobalSection(SolutionProperties) = preSolution
		HideSolutionNode = FALSE
	EndGlobalSection
	GlobalSection(TeamFoundationVersionControl) = preSolution
		SccNumberOfProjects = 3
		SccEnterpriseProvider = {4CA58AB2-18FA-4F8D-95D4-32DDF27D184C}
		SccTeamFoundationServer = https://jasperhb.visualstudio.com/defaultcollection
		SccLocalPath0 = .
		SccProjectUniqueName1 = EnergenieLibv2\\EnergenieLibv2.csproj
		SccProjectName1 = EnergenieLibv2
		SccLocalPath1 = EnergenieLibv2
		SccProjectUniqueName2 = ConsoleTest\\ConsoleTest.csproj
		SccProjectName2 = ConsoleTest
		SccLocalPath2 = ConsoleTest
	EndGlobalSection
EndGlobal
